// !$*UTF8*$!
{
	archiveVersion = 1;
	classes = {
	};
	objectVersion = 50;
	objects = {

/* Begin PBXBuildFile section */
		001CF56E24AF764500069133 /* InfoPageViewController.swift in Sources */ = {isa = PBXBuildFile; fileRef = 001CF56D24AF764500069133 /* InfoPageViewController.swift */; };
		8A3AA50824AD026E00682E92 /* AppDelegate.swift in Sources */ = {isa = PBXBuildFile; fileRef = 8A3AA50724AD026E00682E92 /* AppDelegate.swift */; };
		8A3AA50A24AD026E00682E92 /* SceneDelegate.swift in Sources */ = {isa = PBXBuildFile; fileRef = 8A3AA50924AD026E00682E92 /* SceneDelegate.swift */; };
		8A3AA50F24AD026E00682E92 /* Main.storyboard in Resources */ = {isa = PBXBuildFile; fileRef = 8A3AA50D24AD026E00682E92 /* Main.storyboard */; };
		8A3AA51124AD027000682E92 /* Assets.xcassets in Resources */ = {isa = PBXBuildFile; fileRef = 8A3AA51024AD027000682E92 /* Assets.xcassets */; };
		8A3AA51424AD027000682E92 /* LaunchScreen.storyboard in Resources */ = {isa = PBXBuildFile; fileRef = 8A3AA51224AD027000682E92 /* LaunchScreen.storyboard */; };
		8A3AA51C24AE377000682E92 /* Planet.swift in Sources */ = {isa = PBXBuildFile; fileRef = 8A3AA51B24AE377000682E92 /* Planet.swift */; };
		D471D8A724AD053E0035E6FC /* InfoPage.storyboard in Resources */ = {isa = PBXBuildFile; fileRef = D471D8A624AD053E0035E6FC /* InfoPage.storyboard */; };
		D471D8A924AD05640035E6FC /* TablePageViewController.swift in Sources */ = {isa = PBXBuildFile; fileRef = D471D8A824AD05640035E6FC /* TablePageViewController.swift */; };
		D471D8AB24AD05740035E6FC /* CollectionPageViewController.swift in Sources */ = {isa = PBXBuildFile; fileRef = D471D8AA24AD05740035E6FC /* CollectionPageViewController.swift */; };
		D4FD5F0324AE286D00B74B71 /* TablePage.storyboard in Resources */ = {isa = PBXBuildFile; fileRef = D4FD5F0224AE286D00B74B71 /* TablePage.storyboard */; };
		D4FD5F0624AE28BF00B74B71 /* CollectionPage.storyboard in Resources */ = {isa = PBXBuildFile; fileRef = D4FD5F0424AE28BF00B74B71 /* CollectionPage.storyboard */; };
/* End PBXBuildFile section */

/* Begin PBXFileReference section */
		001CF56D24AF764500069133 /* InfoPageViewController.swift */ = {isa = PBXFileReference; lastKnownFileType = sourcecode.swift; path = InfoPageViewController.swift; sourceTree = "<group>"; };
		8A3AA50424AD026E00682E92 /* SpaceScreens.app */ = {isa = PBXFileReference; explicitFileType = wrapper.application; includeInIndex = 0; path = SpaceScreens.app; sourceTree = BUILT_PRODUCTS_DIR; };
		8A3AA50724AD026E00682E92 /* AppDelegate.swift */ = {isa = PBXFileReference; lastKnownFileType = sourcecode.swift; path = AppDelegate.swift; sourceTree = "<group>"; };
		8A3AA50924AD026E00682E92 /* SceneDelegate.swift */ = {isa = PBXFileReference; lastKnownFileType = sourcecode.swift; path = SceneDelegate.swift; sourceTree = "<group>"; };
		8A3AA50E24AD026E00682E92 /* Base */ = {isa = PBXFileReference; lastKnownFileType = file.storyboard; name = Base; path = Base.lproj/Main.storyboard; sourceTree = "<group>"; };
		8A3AA51024AD027000682E92 /* Assets.xcassets */ = {isa = PBXFileReference; lastKnownFileType = folder.assetcatalog; path = Assets.xcassets; sourceTree = "<group>"; };
		8A3AA51324AD027000682E92 /* Base */ = {isa = PBXFileReference; lastKnownFileType = file.storyboard; name = Base; path = Base.lproj/LaunchScreen.storyboard; sourceTree = "<group>"; };
		8A3AA51524AD027000682E92 /* Info.plist */ = {isa = PBXFileReference; lastKnownFileType = text.plist.xml; path = Info.plist; sourceTree = "<group>"; };
		8A3AA51B24AE377000682E92 /* Planet.swift */ = {isa = PBXFileReference; lastKnownFileType = sourcecode.swift; path = Planet.swift; sourceTree = "<group>"; };
		D471D8A624AD053E0035E6FC /* InfoPage.storyboard */ = {isa = PBXFileReference; lastKnownFileType = file.storyboard; path = InfoPage.storyboard; sourceTree = "<group>"; };
		D471D8A824AD05640035E6FC /* TablePageViewController.swift */ = {isa = PBXFileReference; lastKnownFileType = sourcecode.swift; path = TablePageViewController.swift; sourceTree = "<group>"; };
		D471D8AA24AD05740035E6FC /* CollectionPageViewController.swift */ = {isa = PBXFileReference; lastKnownFileType = sourcecode.swift; path = CollectionPageViewController.swift; sourceTree = "<group>"; };
		D4FD5F0224AE286D00B74B71 /* TablePage.storyboard */ = {isa = PBXFileReference; fileEncoding = 4; lastKnownFileType = file.storyboard; path = TablePage.storyboard; sourceTree = "<group>"; };
		D4FD5F0524AE28BF00B74B71 /* Base */ = {isa = PBXFileReference; lastKnownFileType = file.storyboard; name = Base; path = SpaceScreens/View/Base.lproj/CollectionPage.storyboard; sourceTree = "<group>"; };
/* End PBXFileReference section */

/* Begin PBXFrameworksBuildPhase section */
		8A3AA50124AD026E00682E92 /* Frameworks */ = {
			isa = PBXFrameworksBuildPhase;
			buildActionMask = 2147483647;
			files = (
			);
			runOnlyForDeploymentPostprocessing = 0;
		};
/* End PBXFrameworksBuildPhase section */

/* Begin PBXGroup section */
		8A3AA4FB24AD026E00682E92 = {
			isa = PBXGroup;
			children = (
				8A3AA51D24AE37AD00682E92 /* Model */,
				8A3AA50624AD026E00682E92 /* SpaceScreens */,
				8A3AA50524AD026E00682E92 /* Products */,
			);
			sourceTree = "<group>";
		};
		8A3AA50524AD026E00682E92 /* Products */ = {
			isa = PBXGroup;
			children = (
				8A3AA50424AD026E00682E92 /* SpaceScreens.app */,
			);
			name = Products;
			sourceTree = "<group>";
		};
		8A3AA50624AD026E00682E92 /* SpaceScreens */ = {
			isa = PBXGroup;
			children = (
				8A3AA50724AD026E00682E92 /* AppDelegate.swift */,
				8A3AA50924AD026E00682E92 /* SceneDelegate.swift */,
				D471D8A124AD04C50035E6FC /* Controller */,
				D471D8A024AD04B10035E6FC /* View */,
				8A3AA51024AD027000682E92 /* Assets.xcassets */,
				8A3AA51224AD027000682E92 /* LaunchScreen.storyboard */,
				8A3AA51524AD027000682E92 /* Info.plist */,
			);
			path = SpaceScreens;
			sourceTree = "<group>";
		};
		8A3AA51D24AE37AD00682E92 /* Model */ = {
			isa = PBXGroup;
			children = (
				8A3AA51B24AE377000682E92 /* Planet.swift */,
			);
			path = Model;
			sourceTree = "<group>";
		};
		D471D8A024AD04B10035E6FC /* View */ = {
			isa = PBXGroup;
			children = (
				8A3AA50D24AD026E00682E92 /* Main.storyboard */,
				D4FD5F0224AE286D00B74B71 /* TablePage.storyboard */,
				D4FD5F0424AE28BF00B74B71 /* CollectionPage.storyboard */,
				D471D8A624AD053E0035E6FC /* InfoPage.storyboard */,
			);
			path = View;
			sourceTree = "<group>";
		};
		D471D8A124AD04C50035E6FC /* Controller */ = {
			isa = PBXGroup;
			children = (
				D471D8AA24AD05740035E6FC /* CollectionPageViewController.swift */,
				D471D8A824AD05640035E6FC /* TablePageViewController.swift */,
				001CF56D24AF764500069133 /* InfoPageViewController.swift */,
			);
			path = Controller;
			sourceTree = "<group>";
		};
/* End PBXGroup section */

/* Begin PBXNativeTarget section */
		8A3AA50324AD026E00682E92 /* SpaceScreens */ = {
			isa = PBXNativeTarget;
			buildConfigurationList = 8A3AA51824AD027000682E92 /* Build configuration list for PBXNativeTarget "SpaceScreens" */;
			buildPhases = (
				8A3AA50024AD026E00682E92 /* Sources */,
				8A3AA50124AD026E00682E92 /* Frameworks */,
				8A3AA50224AD026E00682E92 /* Resources */,
			);
			buildRules = (
			);
			dependencies = (
			);
			name = SpaceScreens;
			productName = SpaceScreens;
			productReference = 8A3AA50424AD026E00682E92 /* SpaceScreens.app */;
			productType = "com.apple.product-type.application";
		};
/* End PBXNativeTarget section */

/* Begin PBXProject section */
		8A3AA4FC24AD026E00682E92 /* Project object */ = {
			isa = PBXProject;
			attributes = {
				LastSwiftUpdateCheck = 1150;
				LastUpgradeCheck = 1150;
				ORGANIZATIONNAME = "Jillian Dlouhy";
				TargetAttributes = {
					8A3AA50324AD026E00682E92 = {
						CreatedOnToolsVersion = 11.5;
					};
				};
			};
			buildConfigurationList = 8A3AA4FF24AD026E00682E92 /* Build configuration list for PBXProject "SpaceScreens" */;
			compatibilityVersion = "Xcode 9.3";
			developmentRegion = en;
			hasScannedForEncodings = 0;
			knownRegions = (
				en,
				Base,
			);
			mainGroup = 8A3AA4FB24AD026E00682E92;
			productRefGroup = 8A3AA50524AD026E00682E92 /* Products */;
			projectDirPath = "";
			projectRoot = "";
			targets = (
				8A3AA50324AD026E00682E92 /* SpaceScreens */,
			);
		};
/* End PBXProject section */

/* Begin PBXResourcesBuildPhase section */
		8A3AA50224AD026E00682E92 /* Resources */ = {
			isa = PBXResourcesBuildPhase;
			buildActionMask = 2147483647;
			files = (
				D4FD5F0324AE286D00B74B71 /* TablePage.storyboard in Resources */,
				D4FD5F0624AE28BF00B74B71 /* CollectionPage.storyboard in Resources */,
				8A3AA51424AD027000682E92 /* LaunchScreen.storyboard in Resources */,
				D471D8A724AD053E0035E6FC /* InfoPage.storyboard in Resources */,
				8A3AA51124AD027000682E92 /* Assets.xcassets in Resources */,
				8A3AA50F24AD026E00682E92 /* Main.storyboard in Resources */,
			);
			runOnlyForDeploymentPostprocessing = 0;
		};
/* End PBXResourcesBuildPhase section */

/* Begin PBXSourcesBuildPhase section */
		8A3AA50024AD026E00682E92 /* Sources */ = {
			isa = PBXSourcesBuildPhase;
			buildActionMask = 2147483647;
			files = (
				D471D8A924AD05640035E6FC /* TablePageViewController.swift in Sources */,
				8A3AA50824AD026E00682E92 /* AppDelegate.swift in Sources */,
				8A3AA51C24AE377000682E92 /* Planet.swift in Sources */,
				001CF56E24AF764500069133 /* InfoPageViewController.swift in Sources */,
				D471D8AB24AD05740035E6FC /* CollectionPageViewController.swift in Sources */,
				8A3AA50A24AD026E00682E92 /* SceneDelegate.swift in Sources */,
			);
			runOnlyForDeploymentPostprocessing = 0;
		};
/* End PBXSourcesBuildPhase section */

/* Begin PBXVariantGroup section */
		8A3AA50D24AD026E00682E92 /* Main.storyboard */ = {
			isa = PBXVariantGroup;
			children = (
				8A3AA50E24AD026E00682E92 /* Base */,
			);
			name = Main.storyboard;
			sourceTree = "<group>";
		};
		8A3AA51224AD027000682E92 /* LaunchScreen.storyboard */ = {
			isa = PBXVariantGroup;
			children = (
				8A3AA51324AD027000682E92 /* Base */,
			);
			name = LaunchScreen.storyboard;
			sourceTree = "<group>";
		};
		D4FD5F0424AE28BF00B74B71 /* CollectionPage.storyboard */ = {
			isa = PBXVariantGroup;
			children = (
				D4FD5F0524AE28BF00B74B71 /* Base */,
			);
			name = CollectionPage.storyboard;
			sourceTree = "<group>";
		};
/* End PBXVariantGroup section */

/* Begin XCBuildConfiguration section */
		8A3AA51624AD027000682E92 /* Debug */ = {
			isa = XCBuildConfiguration;
			buildSettings = {
				ALWAYS_SEARCH_USER_PATHS = NO;
				CLANG_ANALYZER_NONNULL = YES;
				CLANG_ANALYZER_NUMBER_OBJECT_CONVERSION = YES_AGGRESSIVE;
				CLANG_CXX_LANGUAGE_STANDARD = "gnu++14";
				CLANG_CXX_LIBRARY = "libc++";
				CLANG_ENABLE_MODULES = YES;
				CLANG_ENABLE_OBJC_ARC = YES;
				CLANG_ENABLE_OBJC_WEAK = YES;
				CLANG_WARN_BLOCK_CAPTURE_AUTORELEASING = YES;
				CLANG_WARN_BOOL_CONVERSION = YES;
				CLANG_WARN_COMMA = YES;
				CLANG_WARN_CONSTANT_CONVERSION = YES;
				CLANG_WARN_DEPRECATED_OBJC_IMPLEMENTATIONS = YES;
				CLANG_WARN_DIRECT_OBJC_ISA_USAGE = YES_ERROR;
				CLANG_WARN_DOCUMENTATION_COMMENTS = YES;
				CLANG_WARN_EMPTY_BODY = YES;
				CLANG_WARN_ENUM_CONVERSION = YES;
				CLANG_WARN_INFINITE_RECURSION = YES;
				CLANG_WARN_INT_CONVERSION = YES;
				CLANG_WARN_NON_LITERAL_NULL_CONVERSION = YES;
				CLANG_WARN_OBJC_IMPLICIT_RETAIN_SELF = YES;
				CLANG_WARN_OBJC_LITERAL_CONVERSION = YES;
				CLANG_WARN_OBJC_ROOT_CLASS = YES_ERROR;
				CLANG_WARN_RANGE_LOOP_ANALYSIS = YES;
				CLANG_WARN_STRICT_PROTOTYPES = YES;
				CLANG_WARN_SUSPICIOUS_MOVE = YES;
				CLANG_WARN_UNGUARDED_AVAILABILITY = YES_AGGRESSIVE;
				CLANG_WARN_UNREACHABLE_CODE = YES;
				CLANG_WARN__DUPLICATE_METHOD_MATCH = YES;
				COPY_PHASE_STRIP = NO;
				DEBUG_INFORMATION_FORMAT = dwarf;
				ENABLE_STRICT_OBJC_MSGSEND = YES;
				ENABLE_TESTABILITY = YES;
				GCC_C_LANGUAGE_STANDARD = gnu11;
				GCC_DYNAMIC_NO_PIC = NO;
				GCC_NO_COMMON_BLOCKS = YES;
				GCC_OPTIMIZATION_LEVEL = 0;
				GCC_PREPROCESSOR_DEFINITIONS = (
					"DEBUG=1",
					"$(inherited)",
				);
				GCC_WARN_64_TO_32_BIT_CONVERSION = YES;
				GCC_WARN_ABOUT_RETURN_TYPE = YES_ERROR;
				GCC_WARN_UNDECLARED_SELECTOR = YES;
				GCC_WARN_UNINITIALIZED_AUTOS = YES_AGGRESSIVE;
				GCC_WARN_UNUSED_FUNCTION = YES;
				GCC_WARN_UNUSED_VARIABLE = YES;
				IPHONEOS_DEPLOYMENT_TARGET = 13.5;
				MTL_ENABLE_DEBUG_INFO = INCLUDE_SOURCE;
				MTL_FAST_MATH = YES;
				ONLY_ACTIVE_ARCH = YES;
				SDKROOT = iphoneos;
				SWIFT_ACTIVE_COMPILATION_CONDITIONS = DEBUG;
				SWIFT_OPTIMIZATION_LEVEL = "-Onone";
			};
			name = Debug;
		};
		8A3AA51724AD027000682E92 /* Release */ = {
			isa = XCBuildConfiguration;
			buildSettings = {
				ALWAYS_SEARCH_USER_PATHS = NO;
				CLANG_ANALYZER_NONNULL = YES;
				CLANG_ANALYZER_NUMBER_OBJECT_CONVERSION = YES_AGGRESSIVE;
				CLANG_CXX_LANGUAGE_STANDARD = "gnu++14";
				CLANG_CXX_LIBRARY = "libc++";
				CLANG_ENABLE_MODULES = YES;
				CLANG_ENABLE_OBJC_ARC = YES;
				CLANG_ENABLE_OBJC_WEAK = YES;
				CLANG_WARN_BLOCK_CAPTURE_AUTORELEASING = YES;
				CLANG_WARN_BOOL_CONVERSION = YES;
				CLANG_WARN_COMMA = YES;
				CLANG_WARN_CONSTANT_CONVERSION = YES;
				CLANG_WARN_DEPRECATED_OBJC_IMPLEMENTATIONS = YES;
				CLANG_WARN_DIRECT_OBJC_ISA_USAGE = YES_ERROR;
				CLANG_WARN_DOCUMENTATION_COMMENTS = YES;
				CLANG_WARN_EMPTY_BODY = YES;
				CLANG_WARN_ENUM_CONVERSION = YES;
				CLANG_WARN_INFINITE_RECURSION = YES;
				CLANG_WARN_INT_CONVERSION = YES;
				CLANG_WARN_NON_LITERAL_NULL_CONVERSION = YES;
				CLANG_WARN_OBJC_IMPLICIT_RETAIN_SELF = YES;
				CLANG_WARN_OBJC_LITERAL_CONVERSION = YES;
				CLANG_WARN_OBJC_ROOT_CLASS = YES_ERROR;
				CLANG_WARN_RANGE_LOOP_ANALYSIS = YES;
				CLANG_WARN_STRICT_PROTOTYPES = YES;
				CLANG_WARN_SUSPICIOUS_MOVE = YES;
				CLANG_WARN_UNGUARDED_AVAILABILITY = YES_AGGRESSIVE;
				CLANG_WARN_UNREACHABLE_CODE = YES;
				CLANG_WARN__DUPLICATE_METHOD_MATCH = YES;
				COPY_PHASE_STRIP = NO;
				DEBUG_INFORMATION_FORMAT = "dwarf-with-dsym";
				ENABLE_NS_ASSERTIONS = NO;
				ENABLE_STRICT_OBJC_MSGSEND = YES;
				GCC_C_LANGUAGE_STANDARD = gnu11;
				GCC_NO_COMMON_BLOCKS = YES;
				GCC_WARN_64_TO_32_BIT_CONVERSION = YES;
				GCC_WARN_ABOUT_RETURN_TYPE = YES_ERROR;
				GCC_WARN_UNDECLARED_SELECTOR = YES;
				GCC_WARN_UNINITIALIZED_AUTOS = YES_AGGRESSIVE;
				GCC_WARN_UNUSED_FUNCTION = YES;
				GCC_WARN_UNUSED_VARIABLE = YES;
				IPHONEOS_DEPLOYMENT_TARGET = 13.5;
				MTL_ENABLE_DEBUG_INFO = NO;
				MTL_FAST_MATH = YES;
				SDKROOT = iphoneos;
				SWIFT_COMPILATION_MODE = wholemodule;
				SWIFT_OPTIMIZATION_LEVEL = "-O";
				VALIDATE_PRODUCT = YES;
			};
			name = Release;
		};
		8A3AA51924AD027000682E92 /* Debug */ = {
			isa = XCBuildConfiguration;
			buildSettings = {
				ASSETCATALOG_COMPILER_APPICON_NAME = AppIcon;
				CODE_SIGN_STYLE = Automatic;
				INFOPLIST_FILE = SpaceScreens/Info.plist;
				LD_RUNPATH_SEARCH_PATHS = (
					"$(inherited)",
					"@executable_path/Frameworks",
				);
				PRODUCT_BUNDLE_IDENTIFIER = edu.unomaha.jdlouhy.SpaceScreens;
				PRODUCT_NAME = "$(TARGET_NAME)";
				SWIFT_VERSION = 5.0;
				TARGETED_DEVICE_FAMILY = "1,2";
			};
			name = Debug;
		};
		8A3AA51A24AD027000682E92 /* Release */ = {
			isa = XCBuildConfiguration;
			buildSettings = {
				ASSETCATALOG_COMPILER_APPICON_NAME = AppIcon;
				CODE_SIGN_STYLE = Automatic;
				INFOPLIST_FILE = SpaceScreens/Info.plist;
				LD_RUNPATH_SEARCH_PATHS = (
					"$(inherited)",
					"@executable_path/Frameworks",
				);
				PRODUCT_BUNDLE_IDENTIFIER = edu.unomaha.jdlouhy.SpaceScreens;
				PRODUCT_NAME = "$(TARGET_NAME)";
				SWIFT_VERSION = 5.0;
				TARGETED_DEVICE_FAMILY = "1,2";
			};
			name = Release;
		};
/* End XCBuildConfiguration section */

/* Begin XCConfigurationList section */
		8A3AA4FF24AD026E00682E92 /* Build configuration list for PBXProject "SpaceScreens" */ = {
			isa = XCConfigurationList;
			buildConfigurations = (
				8A3AA51624AD027000682E92 /* Debug */,
				8A3AA51724AD027000682E92 /* Release */,
			);
			defaultConfigurationIsVisible = 0;
			defaultConfigurationName = Release;
		};
		8A3AA51824AD027000682E92 /* Build configuration list for PBXNativeTarget "SpaceScreens" */ = {
			isa = XCConfigurationList;
			buildConfigurations = (
				8A3AA51924AD027000682E92 /* Debug */,
				8A3AA51A24AD027000682E92 /* Release */,
			);
			defaultConfigurationIsVisible = 0;
			defaultConfigurationName = Release;
		};
/* End XCConfigurationList section */
	};
	rootObject = 8A3AA4FC24AD026E00682E92 /* Project object */;
}
